
Microsoft Visual Studio Solution File, Format Version 12.00
# Visual Studio Version 16
VisualStudioVersion = 16.0.30114.105
MinimumVisualStudioVersion = 10.0.40219.1
Project("{FAE04EC0-301F-11D3-BF4B-00C04F79EFBC}") = "InvertBinaryTree", "InvertBinaryTree\InvertBinaryTree.csproj", "{E003D403-E03C-4BAA-B273-8AD101D5D1ED}"
EndProject
Project("{FAE04EC0-301F-11D3-BF4B-00C04F79EFBC}") = "CheckoutTestTask", "CheckoutTestTask\CheckoutTestTask.csproj", "{3B424617-7278-45A6-9D68-396E87B016D0}"
EndProject
Project("{FAE04EC0-301F-11D3-BF4B-00C04F79EFBC}") = "UniqueEmailAddresses", "UniqueEmailAddresses\UniqueEmailAddresses.csproj", "{699FEEBE-B7F8-46D4-A425-384BC86F1939}"
EndProject
Project("{FAE04EC0-301F-11D3-BF4B-00C04F79EFBC}") = "OddEvenJump", "OddEvenJump\OddEvenJump.csproj", "{5A8661DB-BDEB-4C3D-B3A0-A0B482FA15FF}"
EndProject
Project("{FAE04EC0-301F-11D3-BF4B-00C04F79EFBC}") = "LicenseKeyFormatting", "LicenseKeyFormatting\LicenseKeyFormatting.csproj", "{08EB6EB3-EFC7-49A5-BAF2-E720C24B944A}"
EndProject
Project("{FAE04EC0-301F-11D3-BF4B-00C04F79EFBC}") = "BinarySearch", "BinarySearch\BinarySearch.csproj", "{AD9C8F80-D01F-4A38-8B6A-66F031F679A1}"
EndProject
Project("{FAE04EC0-301F-11D3-BF4B-00C04F79EFBC}") = "SketchbookProject", "SketchbookProject\SketchbookProject.csproj", "{3EBD85CB-44A1-4767-B6A4-BE0597244B95}"
EndProject
Project("{FAE04EC0-301F-11D3-BF4B-00C04F79EFBC}") = "SmashStones", "SmashStones\SmashStones.csproj", "{CC03D590-514B-4D99-9A33-79679C95BB2F}"
EndProject
Project("{FAE04EC0-301F-11D3-BF4B-00C04F79EFBC}") = "CountMax", "CountMax\CountMax.csproj", "{B813CC31-39F2-447C-A1E0-2622D86D4758}"
EndProject
Project("{FAE04EC0-301F-11D3-BF4B-00C04F79EFBC}") = "SecuritiesResearch", "SecuritiesResearch\SecuritiesResearch.csproj", "{727A3462-C473-4DED-9A98-5872D9C4139C}"
EndProject
Project("{FAE04EC0-301F-11D3-BF4B-00C04F79EFBC}") = "ReverseString", "ReverseString\ReverseString.csproj", "{32B1D988-8F4E-4EC0-9634-0B52C9504576}"
EndProject
Global
	GlobalSection(SolutionConfigurationPlatforms) = preSolution
		Debug|Any CPU = Debug|Any CPU
		Debug|x64 = Debug|x64
		Debug|x86 = Debug|x86
		Release|Any CPU = Release|Any CPU
		Release|x64 = Release|x64
		Release|x86 = Release|x86
	EndGlobalSection
	GlobalSection(SolutionProperties) = preSolution
		HideSolutionNode = FALSE
	EndGlobalSection
	GlobalSection(ProjectConfigurationPlatforms) = postSolution
		{E003D403-E03C-4BAA-B273-8AD101D5D1ED}.Debug|Any CPU.ActiveCfg = Debug|Any CPU
		{E003D403-E03C-4BAA-B273-8AD101D5D1ED}.Debug|Any CPU.Build.0 = Debug|Any CPU
		{E003D403-E03C-4BAA-B273-8AD101D5D1ED}.Debug|x64.ActiveCfg = Debug|Any CPU
		{E003D403-E03C-4BAA-B273-8AD101D5D1ED}.Debug|x64.Build.0 = Debug|Any CPU
		{E003D403-E03C-4BAA-B273-8AD101D5D1ED}.Debug|x86.ActiveCfg = Debug|Any CPU
		{E003D403-E03C-4BAA-B273-8AD101D5D1ED}.Debug|x86.Build.0 = Debug|Any CPU
		{E003D403-E03C-4BAA-B273-8AD101D5D1ED}.Release|Any CPU.ActiveCfg = Release|Any CPU
		{E003D403-E03C-4BAA-B273-8AD101D5D1ED}.Release|Any CPU.Build.0 = Release|Any CPU
		{E003D403-E03C-4BAA-B273-8AD101D5D1ED}.Release|x64.ActiveCfg = Release|Any CPU
		{E003D403-E03C-4BAA-B273-8AD101D5D1ED}.Release|x64.Build.0 = Release|Any CPU
		{E003D403-E03C-4BAA-B273-8AD101D5D1ED}.Release|x86.ActiveCfg = Release|Any CPU
		{E003D403-E03C-4BAA-B273-8AD101D5D1ED}.Release|x86.Build.0 = Release|Any CPU
		{3B424617-7278-45A6-9D68-396E87B016D0}.Debug|Any CPU.ActiveCfg = Debug|Any CPU
		{3B424617-7278-45A6-9D68-396E87B016D0}.Debug|Any CPU.Build.0 = Debug|Any CPU
		{3B424617-7278-45A6-9D68-396E87B016D0}.Debug|x64.ActiveCfg = Debug|Any CPU
		{3B424617-7278-45A6-9D68-396E87B016D0}.Debug|x64.Build.0 = Debug|Any CPU
		{3B424617-7278-45A6-9D68-396E87B016D0}.Debug|x86.ActiveCfg = Debug|Any CPU
		{3B424617-7278-45A6-9D68-396E87B016D0}.Debug|x86.Build.0 = Debug|Any CPU
		{3B424617-7278-45A6-9D68-396E87B016D0}.Release|Any CPU.ActiveCfg = Release|Any CPU
		{3B424617-7278-45A6-9D68-396E87B016D0}.Release|Any CPU.Build.0 = Release|Any CPU
		{3B424617-7278-45A6-9D68-396E87B016D0}.Release|x64.ActiveCfg = Release|Any CPU
		{3B424617-7278-45A6-9D68-396E87B016D0}.Release|x64.Build.0 = Release|Any CPU
		{3B424617-7278-45A6-9D68-396E87B016D0}.Release|x86.ActiveCfg = Release|Any CPU
		{3B424617-7278-45A6-9D68-396E87B016D0}.Release|x86.Build.0 = Release|Any CPU
		{699FEEBE-B7F8-46D4-A425-384BC86F1939}.Debug|Any CPU.ActiveCfg = Debug|Any CPU
		{699FEEBE-B7F8-46D4-A425-384BC86F1939}.Debug|Any CPU.Build.0 = Debug|Any CPU
		{699FEEBE-B7F8-46D4-A425-384BC86F1939}.Debug|x64.ActiveCfg = Debug|Any CPU
		{699FEEBE-B7F8-46D4-A425-384BC86F1939}.Debug|x64.Build.0 = Debug|Any CPU
		{699FEEBE-B7F8-46D4-A425-384BC86F1939}.Debug|x86.ActiveCfg = Debug|Any CPU
		{699FEEBE-B7F8-46D4-A425-384BC86F1939}.Debug|x86.Build.0 = Debug|Any CPU
		{699FEEBE-B7F8-46D4-A425-384BC86F1939}.Release|Any CPU.ActiveCfg = Release|Any CPU
		{699FEEBE-B7F8-46D4-A425-384BC86F1939}.Release|Any CPU.Build.0 = Release|Any CPU
		{699FEEBE-B7F8-46D4-A425-384BC86F1939}.Release|x64.ActiveCfg = Release|Any CPU
		{699FEEBE-B7F8-46D4-A425-384BC86F1939}.Release|x64.Build.0 = Release|Any CPU
		{699FEEBE-B7F8-46D4-A425-384BC86F1939}.Release|x86.ActiveCfg = Release|Any CPU
		{699FEEBE-B7F8-46D4-A425-384BC86F1939}.Release|x86.Build.0 = Release|Any CPU
		{5A8661DB-BDEB-4C3D-B3A0-A0B482FA15FF}.Debug|Any CPU.ActiveCfg = Debug|Any CPU
		{5A8661DB-BDEB-4C3D-B3A0-A0B482FA15FF}.Debug|Any CPU.Build.0 = Debug|Any CPU
		{5A8661DB-BDEB-4C3D-B3A0-A0B482FA15FF}.Debug|x64.ActiveCfg = Debug|Any CPU
		{5A8661DB-BDEB-4C3D-B3A0-A0B482FA15FF}.Debug|x64.Build.0 = Debug|Any CPU
		{5A8661DB-BDEB-4C3D-B3A0-A0B482FA15FF}.Debug|x86.ActiveCfg = Debug|Any CPU
		{5A8661DB-BDEB-4C3D-B3A0-A0B482FA15FF}.Debug|x86.Build.0 = Debug|Any CPU
		{5A8661DB-BDEB-4C3D-B3A0-A0B482FA15FF}.Release|Any CPU.ActiveCfg = Release|Any CPU
		{5A8661DB-BDEB-4C3D-B3A0-A0B482FA15FF}.Release|Any CPU.Build.0 = Release|Any CPU
		{5A8661DB-BDEB-4C3D-B3A0-A0B482FA15FF}.Release|x64.ActiveCfg = Release|Any CPU
		{5A8661DB-BDEB-4C3D-B3A0-A0B482FA15FF}.Release|x64.Build.0 = Release|Any CPU
		{5A8661DB-BDEB-4C3D-B3A0-A0B482FA15FF}.Release|x86.ActiveCfg = Release|Any CPU
		{5A8661DB-BDEB-4C3D-B3A0-A0B482FA15FF}.Release|x86.Build.0 = Release|Any CPU
		{08EB6EB3-EFC7-49A5-BAF2-E720C24B944A}.Debug|Any CPU.ActiveCfg = Debug|Any CPU
		{08EB6EB3-EFC7-49A5-BAF2-E720C24B944A}.Debug|Any CPU.Build.0 = Debug|Any CPU
		{08EB6EB3-EFC7-49A5-BAF2-E720C24B944A}.Debug|x64.ActiveCfg = Debug|Any CPU
		{08EB6EB3-EFC7-49A5-BAF2-E720C24B944A}.Debug|x64.Build.0 = Debug|Any CPU
		{08EB6EB3-EFC7-49A5-BAF2-E720C24B944A}.Debug|x86.ActiveCfg = Debug|Any CPU
		{08EB6EB3-EFC7-49A5-BAF2-E720C24B944A}.Debug|x86.Build.0 = Debug|Any CPU
		{08EB6EB3-EFC7-49A5-BAF2-E720C24B944A}.Release|Any CPU.ActiveCfg = Release|Any CPU
		{08EB6EB3-EFC7-49A5-BAF2-E720C24B944A}.Release|Any CPU.Build.0 = Release|Any CPU
		{08EB6EB3-EFC7-49A5-BAF2-E720C24B944A}.Release|x64.ActiveCfg = Release|Any CPU
		{08EB6EB3-EFC7-49A5-BAF2-E720C24B944A}.Release|x64.Build.0 = Release|Any CPU
		{08EB6EB3-EFC7-49A5-BAF2-E720C24B944A}.Release|x86.ActiveCfg = Release|Any CPU
		{08EB6EB3-EFC7-49A5-BAF2-E720C24B944A}.Release|x86.Build.0 = Release|Any CPU
		{AD9C8F80-D01F-4A38-8B6A-66F031F679A1}.Debug|Any CPU.ActiveCfg = Debug|Any CPU
		{AD9C8F80-D01F-4A38-8B6A-66F031F679A1}.Debug|Any CPU.Build.0 = Debug|Any CPU
		{AD9C8F80-D01F-4A38-8B6A-66F031F679A1}.Debug|x64.ActiveCfg = Debug|Any CPU
		{AD9C8F80-D01F-4A38-8B6A-66F031F679A1}.Debug|x64.Build.0 = Debug|Any CPU
		{AD9C8F80-D01F-4A38-8B6A-66F031F679A1}.Debug|x86.ActiveCfg = Debug|Any CPU
		{AD9C8F80-D01F-4A38-8B6A-66F031F679A1}.Debug|x86.Build.0 = Debug|Any CPU
		{AD9C8F80-D01F-4A38-8B6A-66F031F679A1}.Release|Any CPU.ActiveCfg = Release|Any CPU
		{AD9C8F80-D01F-4A38-8B6A-66F031F679A1}.Release|Any CPU.Build.0 = Release|Any CPU
		{AD9C8F80-D01F-4A38-8B6A-66F031F679A1}.Release|x64.ActiveCfg = Release|Any CPU
		{AD9C8F80-D01F-4A38-8B6A-66F031F679A1}.Release|x64.Build.0 = Release|Any CPU
		{AD9C8F80-D01F-4A38-8B6A-66F031F679A1}.Release|x86.ActiveCfg = Release|Any CPU
		{AD9C8F80-D01F-4A38-8B6A-66F031F679A1}.Release|x86.Build.0 = Release|Any CPU
		{3EBD85CB-44A1-4767-B6A4-BE0597244B95}.Debug|Any CPU.ActiveCfg = Debug|Any CPU
		{3EBD85CB-44A1-4767-B6A4-BE0597244B95}.Debug|Any CPU.Build.0 = Debug|Any CPU
		{3EBD85CB-44A1-4767-B6A4-BE0597244B95}.Debug|x64.ActiveCfg = Debug|Any CPU
		{3EBD85CB-44A1-4767-B6A4-BE0597244B95}.Debug|x64.Build.0 = Debug|Any CPU
		{3EBD85CB-44A1-4767-B6A4-BE0597244B95}.Debug|x86.ActiveCfg = Debug|Any CPU
		{3EBD85CB-44A1-4767-B6A4-BE0597244B95}.Debug|x86.Build.0 = Debug|Any CPU
		{3EBD85CB-44A1-4767-B6A4-BE0597244B95}.Release|Any CPU.ActiveCfg = Release|Any CPU
		{3EBD85CB-44A1-4767-B6A4-BE0597244B95}.Release|Any CPU.Build.0 = Release|Any CPU
		{3EBD85CB-44A1-4767-B6A4-BE0597244B95}.Release|x64.ActiveCfg = Release|Any CPU
		{3EBD85CB-44A1-4767-B6A4-BE0597244B95}.Release|x64.Build.0 = Release|Any CPU
		{3EBD85CB-44A1-4767-B6A4-BE0597244B95}.Release|x86.ActiveCfg = Release|Any CPU
		{3EBD85CB-44A1-4767-B6A4-BE0597244B95}.Release|x86.Build.0 = Release|Any CPU
		{CC03D590-514B-4D99-9A33-79679C95BB2F}.Debug|Any CPU.ActiveCfg = Debug|Any CPU
		{CC03D590-514B-4D99-9A33-79679C95BB2F}.Debug|Any CPU.Build.0 = Debug|Any CPU
		{CC03D590-514B-4D99-9A33-79679C95BB2F}.Debug|x64.ActiveCfg = Debug|Any CPU
		{CC03D590-514B-4D99-9A33-79679C95BB2F}.Debug|x64.Build.0 = Debug|Any CPU
		{CC03D590-514B-4D99-9A33-79679C95BB2F}.Debug|x86.ActiveCfg = Debug|Any CPU
		{CC03D590-514B-4D99-9A33-79679C95BB2F}.Debug|x86.Build.0 = Debug|Any CPU
		{CC03D590-514B-4D99-9A33-79679C95BB2F}.Release|Any CPU.ActiveCfg = Release|Any CPU
		{CC03D590-514B-4D99-9A33-79679C95BB2F}.Release|Any CPU.Build.0 = Release|Any CPU
		{CC03D590-514B-4D99-9A33-79679C95BB2F}.Release|x64.ActiveCfg = Release|Any CPU
		{CC03D590-514B-4D99-9A33-79679C95BB2F}.Release|x64.Build.0 = Release|Any CPU
		{CC03D590-514B-4D99-9A33-79679C95BB2F}.Release|x86.ActiveCfg = Release|Any CPU
		{CC03D590-514B-4D99-9A33-79679C95BB2F}.Release|x86.Build.0 = Release|Any CPU
		{B813CC31-39F2-447C-A1E0-2622D86D4758}.Debug|Any CPU.ActiveCfg = Debug|Any CPU
		{B813CC31-39F2-447C-A1E0-2622D86D4758}.Debug|Any CPU.Build.0 = Debug|Any CPU
		{B813CC31-39F2-447C-A1E0-2622D86D4758}.Debug|x64.ActiveCfg = Debug|Any CPU
		{B813CC31-39F2-447C-A1E0-2622D86D4758}.Debug|x64.Build.0 = Debug|Any CPU
		{B813CC31-39F2-447C-A1E0-2622D86D4758}.Debug|x86.ActiveCfg = Debug|Any CPU
		{B813CC31-39F2-447C-A1E0-2622D86D4758}.Debug|x86.Build.0 = Debug|Any CPU
		{B813CC31-39F2-447C-A1E0-2622D86D4758}.Release|Any CPU.ActiveCfg = Release|Any CPU
		{B813CC31-39F2-447C-A1E0-2622D86D4758}.Release|Any CPU.Build.0 = Release|Any CPU
		{B813CC31-39F2-447C-A1E0-2622D86D4758}.Release|x64.ActiveCfg = Release|Any CPU
		{B813CC31-39F2-447C-A1E0-2622D86D4758}.Release|x64.Build.0 = Release|Any CPU
		{B813CC31-39F2-447C-A1E0-2622D86D4758}.Release|x86.ActiveCfg = Release|Any CPU
		{B813CC31-39F2-447C-A1E0-2622D86D4758}.Release|x86.Build.0 = Release|Any CPU
		{727A3462-C473-4DED-9A98-5872D9C4139C}.Debug|Any CPU.ActiveCfg = Debug|Any CPU
		{727A3462-C473-4DED-9A98-5872D9C4139C}.Debug|Any CPU.Build.0 = Debug|Any CPU
		{727A3462-C473-4DED-9A98-5872D9C4139C}.Debug|x64.ActiveCfg = Debug|Any CPU
		{727A3462-C473-4DED-9A98-5872D9C4139C}.Debug|x64.Build.0 = Debug|Any CPU
		{727A3462-C473-4DED-9A98-5872D9C4139C}.Debug|x86.ActiveCfg = Debug|Any CPU
		{727A3462-C473-4DED-9A98-5872D9C4139C}.Debug|x86.Build.0 = Debug|Any CPU
		{727A3462-C473-4DED-9A98-5872D9C4139C}.Release|Any CPU.ActiveCfg = Release|Any CPU
		{727A3462-C473-4DED-9A98-5872D9C4139C}.Release|Any CPU.Build.0 = Release|Any CPU
		{727A3462-C473-4DED-9A98-5872D9C4139C}.Release|x64.ActiveCfg = Release|Any CPU
		{727A3462-C473-4DED-9A98-5872D9C4139C}.Release|x64.Build.0 = Release|Any CPU
		{727A3462-C473-4DED-9A98-5872D9C4139C}.Release|x86.ActiveCfg = Release|Any CPU
		{727A3462-C473-4DED-9A98-5872D9C4139C}.Release|x86.Build.0 = Release|Any CPU
		{32B1D988-8F4E-4EC0-9634-0B52C9504576}.Debug|Any CPU.ActiveCfg = Debug|Any CPU
		{32B1D988-8F4E-4EC0-9634-0B52C9504576}.Debug|Any CPU.Build.0 = Debug|Any CPU
		{32B1D988-8F4E-4EC0-9634-0B52C9504576}.Debug|x64.ActiveCfg = Debug|Any CPU
		{32B1D988-8F4E-4EC0-9634-0B52C9504576}.Debug|x64.Build.0 = Debug|Any CPU
		{32B1D988-8F4E-4EC0-9634-0B52C9504576}.Debug|x86.ActiveCfg = Debug|Any CPU
		{32B1D988-8F4E-4EC0-9634-0B52C9504576}.Debug|x86.Build.0 = Debug|Any CPU
		{32B1D988-8F4E-4EC0-9634-0B52C9504576}.Release|Any CPU.ActiveCfg = Release|Any CPU
		{32B1D988-8F4E-4EC0-9634-0B52C9504576}.Release|Any CPU.Build.0 = Release|Any CPU
		{32B1D988-8F4E-4EC0-9634-0B52C9504576}.Release|x64.ActiveCfg = Release|Any CPU
		{32B1D988-8F4E-4EC0-9634-0B52C9504576}.Release|x64.Build.0 = Release|Any CPU
		{32B1D988-8F4E-4EC0-9634-0B52C9504576}.Release|x86.ActiveCfg = Release|Any CPU
		{32B1D988-8F4E-4EC0-9634-0B52C9504576}.Release|x86.Build.0 = Release|Any CPU
	EndGlobalSection
EndGlobal
